// !$*UTF8*$!
{
	archiveVersion = 1;
	classes = {
	};
	objectVersion = 48;
	objects = {

/* Begin PBXBuildFile section */
		DBEDB1021FE9B7E20029E31D /* AppDelegate.swift in Sources */ = {isa = PBXBuildFile; fileRef = DBEDB1011FE9B7E20029E31D /* AppDelegate.swift */; };
		DBEDB1041FE9B7E20029E31D /* ViewController.swift in Sources */ = {isa = PBXBuildFile; fileRef = DBEDB1031FE9B7E20029E31D /* ViewController.swift */; };
		DBEDB1071FE9B7E20029E31D /* Main.storyboard in Resources */ = {isa = PBXBuildFile; fileRef = DBEDB1051FE9B7E20029E31D /* Main.storyboard */; };
		DBEDB1091FE9B7E20029E31D /* Assets.xcassets in Resources */ = {isa = PBXBuildFile; fileRef = DBEDB1081FE9B7E20029E31D /* Assets.xcassets */; };
		DBEDB10C1FE9B7E20029E31D /* LaunchScreen.storyboard in Resources */ = {isa = PBXBuildFile; fileRef = DBEDB10A1FE9B7E20029E31D /* LaunchScreen.storyboard */; };
/* End PBXBuildFile section */

/* Begin PBXFileReference section */
		DBEDB0FE1FE9B7E10029E31D /* CircularLoader.app */ = {isa = PBXFileReference; explicitFileType = wrapper.application; includeInIndex = 0; path = CircularLoader.app; sourceTree = BUILT_PRODUCTS_DIR; };
		DBEDB1011FE9B7E20029E31D /* AppDelegate.swift */ = {isa = PBXFileReference; lastKnownFileType = sourcecode.swift; path = AppDelegate.swift; sourceTree = "<group>"; };
		DBEDB1031FE9B7E20029E31D /* ViewController.swift */ = {isa = PBXFileReference; lastKnownFileType = sourcecode.swift; path = ViewController.swift; sourceTree = "<group>"; };
		DBEDB1061FE9B7E20029E31D /* Base */ = {isa = PBXFileReference; lastKnownFileType = file.storyboard; name = Base; path = Base.lproj/Main.storyboard; sourceTree = "<group>"; };
		DBEDB1081FE9B7E20029E31D /* Assets.xcassets */ = {isa = PBXFileReference; lastKnownFileType = folder.assetcatalog; path = Assets.xcassets; sourceTree = "<group>"; };
		DBEDB10B1FE9B7E20029E31D /* Base */ = {isa = PBXFileReference; lastKnownFileType = file.storyboard; name = Base; path = Base.lproj/LaunchScreen.storyboard; sourceTree = "<group>"; };
		DBEDB10D1FE9B7E20029E31D /* Info.plist */ = {isa = PBXFileReference; lastKnownFileType = text.plist.xml; path = Info.plist; sourceTree = "<group>"; };
/* End PBXFileReference section */

/* Begin PBXFrameworksBuildPhase section */
		DBEDB0FB1FE9B7E10029E31D /* Frameworks */ = {
			isa = PBXFrameworksBuildPhase;
			buildActionMask = 2147483647;
			files = (
			);
			runOnlyForDeploymentPostprocessing = 0;
		};
/* End PBXFrameworksBuildPhase section */

/* Begin PBXGroup section */
		DBEDB0F51FE9B7E10029E31D = {
			isa = PBXGroup;
			children = (
				DBEDB1001FE9B7E10029E31D /* CircularLoader */,
				DBEDB0FF1FE9B7E10029E31D /* Products */,
			);
			sourceTree = "<group>";
		};
		DBEDB0FF1FE9B7E10029E31D /* Products */ = {
			isa = PBXGroup;
			children = (
				DBEDB0FE1FE9B7E10029E31D /* CircularLoader.app */,
			);
			name = Products;
			sourceTree = "<group>";
		};
		DBEDB1001FE9B7E10029E31D /* CircularLoader */ = {
			isa = PBXGroup;
			children = (
				DBEDB1011FE9B7E20029E31D /* AppDelegate.swift */,
				DBEDB1031FE9B7E20029E31D /* ViewController.swift */,
				DBEDB1051FE9B7E20029E31D /* Main.storyboard */,
				DBEDB1081FE9B7E20029E31D /* Assets.xcassets */,
				DBEDB10A1FE9B7E20029E31D /* LaunchScreen.storyboard */,
				DBEDB10D1FE9B7E20029E31D /* Info.plist */,
			);
			path = CircularLoader;
			sourceTree = "<group>";
		};
/* End PBXGroup section */

/* Begin PBXNativeTarget section */
		DBEDB0FD1FE9B7E10029E31D /* CircularLoader */ = {
			isa = PBXNativeTarget;
			buildConfigurationList = DBEDB1101FE9B7E20029E31D /* Build configuration list for PBXNativeTarget "CircularLoader" */;
			buildPhases = (
				DBEDB0FA1FE9B7E10029E31D /* Sources */,
				DBEDB0FB1FE9B7E10029E31D /* Frameworks */,
				DBEDB0FC1FE9B7E10029E31D /* Resources */,
			);
			buildRules = (
			);
			dependencies = (
			);
			name = CircularLoader;
			productName = CircularLoader;
			productReference = DBEDB0FE1FE9B7E10029E31D /* CircularLoader.app */;
			productType = "com.apple.product-type.application";
		};
/* End PBXNativeTarget section */

/* Begin PBXProject section */
		DBEDB0F61FE9B7E10029E31D /* Project object */ = {
			isa = PBXProject;
			attributes = {
				LastSwiftUpdateCheck = 0920;
				LastUpgradeCheck = 0920;
				ORGANIZATIONNAME = "Weijie Lin";
				TargetAttributes = {
					DBEDB0FD1FE9B7E10029E31D = {
						CreatedOnToolsVersion = 9.2;
						ProvisioningStyle = Automatic;
					};
				};
			};
			buildConfigurationList = DBEDB0F91FE9B7E10029E31D /* Build configuration list for PBXProject "CircularLoader" */;
			compatibilityVersion = "Xcode 8.0";
			developmentRegion = en;
			hasScannedForEncodings = 0;
			knownRegions = (
				en,
				Base,
			);
			mainGroup = DBEDB0F51FE9B7E10029E31D;
			productRefGroup = DBEDB0FF1FE9B7E10029E31D /* Products */;
			projectDirPath = "";
			projectRoot = "";
			targets = (
				DBEDB0FD1FE9B7E10029E31D /* CircularLoader */,
			);
		};
/* End PBXProject section */

/* Begin PBXResourcesBuildPhase section */
		DBEDB0FC1FE9B7E10029E31D /* Resources */ = {
			isa = PBXResourcesBuildPhase;
			buildActionMask = 2147483647;
			files = (
				DBEDB10C1FE9B7E20029E31D /* LaunchScreen.storyboard in Resources */,
				DBEDB1091FE9B7E20029E31D /* Assets.xcassets in Resources */,
				DBEDB1071FE9B7E20029E31D /* Main.storyboard in Resources */,
			);
			runOnlyForDeploymentPostprocessing = 0;
		};
/* End PBXResourcesBuildPhase section */

/* Begin PBXSourcesBuildPhase section */
		DBEDB0FA1FE9B7E10029E31D /* Sources */ = {
			isa = PBXSourcesBuildPhase;
			buildActionMask = 2147483647;
			files = (
				DBEDB1041FE9B7E20029E31D /* ViewController.swift in Sources */,
				DBEDB1021FE9B7E20029E31D /* AppDelegate.swift in Sources */,
			);
			runOnlyForDeploymentPostprocessing = 0;
		};
/* End PBXSourcesBuildPhase section */

/* Begin PBXVariantGroup section */
		DBEDB1051FE9B7E20029E31D /* Main.storyboard */ = {
			isa = PBXVariantGroup;
			children = (
				DBEDB1061FE9B7E20029E31D /* Base */,
			);
			name = Main.storyboard;
			sourceTree = "<group>";
		};
		DBEDB10A1FE9B7E20029E31D /* LaunchScreen.storyboard */ = {
			isa = PBXVariantGroup;
			children = (
				DBEDB10B1FE9B7E20029E31D /* Base */,
			);
			name = LaunchScreen.storyboard;
			sourceTree = "<group>";
		};
/* End PBXVariantGroup section */

/* Begin XCBuildConfiguration section */
		DBEDB10E1FE9B7E20029E31D /* Debug */ = {
			isa = XCBuildConfiguration;
			buildSettings = {
				ALWAYS_SEARCH_USER_PATHS = NO;
				CLANG_ANALYZER_NONNULL = YES;
				CLANG_ANALYZER_NUMBER_OBJECT_CONVERSION = YES_AGGRESSIVE;
				CLANG_CXX_LANGUAGE_STANDARD = "gnu++14";
				CLANG_CXX_LIBRARY = "libc++";
				CLANG_ENABLE_MODULES = YES;
				CLANG_ENABLE_OBJC_ARC = YES;
				CLANG_WARN_BLOCK_CAPTURE_AUTORELEASING = YES;
				CLANG_WARN_BOOL_CONVERSION = YES;
				CLANG_WARN_COMMA = YES;
				CLANG_WARN_CONSTANT_CONVERSION = YES;
				CLANG_WARN_DIRECT_OBJC_ISA_USAGE = YES_ERROR;
				CLANG_WARN_DOCUMENTATION_COMMENTS = YES;
				CLANG_WARN_EMPTY_BODY = YES;
				CLANG_WARN_ENUM_CONVERSION = YES;
				CLANG_WARN_INFINITE_RECURSION = YES;
				CLANG_WARN_INT_CONVERSION = YES;
				CLANG_WARN_NON_LITERAL_NULL_CONVERSION = YES;
				CLANG_WARN_OBJC_LITERAL_CONVERSION = YES;
				CLANG_WARN_OBJC_ROOT_CLASS = YES_ERROR;
				CLANG_WARN_RANGE_LOOP_ANALYSIS = YES;
				CLANG_WARN_STRICT_PROTOTYPES = YES;
				CLANG_WARN_SUSPICIOUS_MOVE = YES;
				CLANG_WARN_UNGUARDED_AVAILABILITY = YES_AGGRESSIVE;
				CLANG_WARN_UNREACHABLE_CODE = YES;
				CLANG_WARN__DUPLICATE_METHOD_MATCH = YES;
				CODE_SIGN_IDENTITY = "iPhone Developer";
				COPY_PHASE_STRIP = NO;
				DEBUG_INFORMATION_FORMAT = dwarf;
				ENABLE_STRICT_OBJC_MSGSEND = YES;
				ENABLE_TESTABILITY = YES;
				GCC_C_LANGUAGE_STANDARD = gnu11;
				GCC_DYNAMIC_NO_PIC = NO;
				GCC_NO_COMMON_BLOCKS = YES;
				GCC_OPTIMIZATION_LEVEL = 0;
				GCC_PREPROCESSOR_DEFINITIONS = (
					"DEBUG=1",
					"$(inherited)",
				);
				GCC_WARN_64_TO_32_BIT_CONVERSION = YES;
				GCC_WARN_ABOUT_RETURN_TYPE = YES_ERROR;
				GCC_WARN_UNDECLARED_SELECTOR = YES;
				GCC_WARN_UNINITIALIZED_AUTOS = YES_AGGRESSIVE;
				GCC_WARN_UNUSED_FUNCTION = YES;
				GCC_WARN_UNUSED_VARIABLE = YES;
				IPHONEOS_DEPLOYMENT_TARGET = 11.2;
				MTL_ENABLE_DEBUG_INFO = YES;
				ONLY_ACTIVE_ARCH = YES;
				SDKROOT = iphoneos;
				SWIFT_ACTIVE_COMPILATION_CONDITIONS = DEBUG;
				SWIFT_OPTIMIZATION_LEVEL = "-Onone";
			};
			name = Debug;
		};
		DBEDB10F1FE9B7E20029E31D /* Release */ = {
			isa = XCBuildConfiguration;
			buildSettings = {
				ALWAYS_SEARCH_USER_PATHS = NO;
				CLANG_ANALYZER_NONNULL = YES;
				CLANG_ANALYZER_NUMBER_OBJECT_CONVERSION = YES_AGGRESSIVE;
				CLANG_CXX_LANGUAGE_STANDARD = "gnu++14";
				CLANG_CXX_LIBRARY = "libc++";
				CLANG_ENABLE_MODULES = YES;
				CLANG_ENABLE_OBJC_ARC = YES;
				CLANG_WARN_BLOCK_CAPTURE_AUTORELEASING = YES;
				CLANG_WARN_BOOL_CONVERSION = YES;
				CLANG_WARN_COMMA = YES;
				CLANG_WARN_CONSTANT_CONVERSION = YES;
				CLANG_WARN_DIRECT_OBJC_ISA_USAGE = YES_ERROR;
				CLANG_WARN_DOCUMENTATION_COMMENTS = YES;
				CLANG_WARN_EMPTY_BODY = YES;
				CLANG_WARN_ENUM_CONVERSION = YES;
				CLANG_WARN_INFINITE_RECURSION = YES;
				CLANG_WARN_INT_CONVERSION = YES;
				CLANG_WARN_NON_LITERAL_NULL_CONVERSION = YES;
				CLANG_WARN_OBJC_LITERAL_CONVERSION = YES;
				CLANG_WARN_OBJC_ROOT_CLASS = YES_ERROR;
				CLANG_WARN_RANGE_LOOP_ANALYSIS = YES;
				CLANG_WARN_STRICT_PROTOTYPES = YES;
				CLANG_WARN_SUSPICIOUS_MOVE = YES;
				CLANG_WARN_UNGUARDED_AVAILABILITY = YES_AGGRESSIVE;
				CLANG_WARN_UNREACHABLE_CODE = YES;
				CLANG_WARN__DUPLICATE_METHOD_MATCH = YES;
				CODE_SIGN_IDENTITY = "iPhone Developer";
				COPY_PHASE_STRIP = NO;
				DEBUG_INFORMATION_FORMAT = "dwarf-with-dsym";
				ENABLE_NS_ASSERTIONS = NO;
				ENABLE_STRICT_OBJC_MSGSEND = YES;
				GCC_C_LANGUAGE_STANDARD = gnu11;
				GCC_NO_COMMON_BLOCKS = YES;
				GCC_WARN_64_TO_32_BIT_CONVERSION = YES;
				GCC_WARN_ABOUT_RETURN_TYPE = YES_ERROR;
				GCC_WARN_UNDECLARED_SELECTOR = YES;
				GCC_WARN_UNINITIALIZED_AUTOS = YES_AGGRESSIVE;
				GCC_WARN_UNUSED_FUNCTION = YES;
				GCC_WARN_UNUSED_VARIABLE = YES;
				IPHONEOS_DEPLOYMENT_TARGET = 11.2;
				MTL_ENABLE_DEBUG_INFO = NO;
				SDKROOT = iphoneos;
				SWIFT_OPTIMIZATION_LEVEL = "-Owholemodule";
				VALIDATE_PRODUCT = YES;
			};
			name = Release;
		};
		DBEDB1111FE9B7E20029E31D /* Debug */ = {
			isa = XCBuildConfiguration;
			buildSettings = {
				ASSETCATALOG_COMPILER_APPICON_NAME = AppIcon;
				CODE_SIGN_STYLE = Automatic;
				DEVELOPMENT_TEAM = ZPWDFT65EV;
				INFOPLIST_FILE = CircularLoader/Info.plist;
				LD_RUNPATH_SEARCH_PATHS = "$(inherited) @executable_path/Frameworks";
				PRODUCT_BUNDLE_IDENTIFIER = me.weijielin.CircularLoader;
				PRODUCT_NAME = "$(TARGET_NAME)";
				SWIFT_VERSION = 4.0;
				TARGETED_DEVICE_FAMILY = "1,2";
			};
			name = Debug;
		};
		DBEDB1121FE9B7E20029E31D /* Release */ = {
			isa = XCBuildConfiguration;
			buildSettings = {
				ASSETCATALOG_COMPILER_APPICON_NAME = AppIcon;
				CODE_SIGN_STYLE = Automatic;
				DEVELOPMENT_TEAM = ZPWDFT65EV;
				INFOPLIST_FILE = CircularLoader/Info.plist;
				LD_RUNPATH_SEARCH_PATHS = "$(inherited) @executable_path/Frameworks";
				PRODUCT_BUNDLE_IDENTIFIER = me.weijielin.CircularLoader;
				PRODUCT_NAME = "$(TARGET_NAME)";
				SWIFT_VERSION = 4.0;
				TARGETED_DEVICE_FAMILY = "1,2";
			};
			name = Release;
		};
/* End XCBuildConfiguration section */

/* Begin XCConfigurationList section */
		DBEDB0F91FE9B7E10029E31D /* Build configuration list for PBXProject "CircularLoader" */ = {
			isa = XCConfigurationList;
			buildConfigurations = (
				DBEDB10E1FE9B7E20029E31D /* Debug */,
				DBEDB10F1FE9B7E20029E31D /* Release */,
			);
			defaultConfigurationIsVisible = 0;
			defaultConfigurationName = Release;
		};
		DBEDB1101FE9B7E20029E31D /* Build configuration list for PBXNativeTarget "CircularLoader" */ = {
			isa = XCConfigurationList;
			buildConfigurations = (
				DBEDB1111FE9B7E20029E31D /* Debug */,
				DBEDB1121FE9B7E20029E31D /* Release */,
			);
			defaultConfigurationIsVisible = 0;
			defaultConfigurationName = Release;
		};
/* End XCConfigurationList section */
	};
	rootObject = DBEDB0F61FE9B7E10029E31D /* Project object */;
}
